// !$*UTF8*$!
{
	archiveVersion = 1;
	classes = {
	};
	objectVersion = 50;
	objects = {

/* Begin PBXBuildFile section */
		7D227F312132394100C9E50D /* NLBHomeController.swift in Sources */ = {isa = PBXBuildFile; fileRef = 7D227F302132394100C9E50D /* NLBHomeController.swift */; };
		7D227F3421323A6400C9E50D /* NLBRootController.swift in Sources */ = {isa = PBXBuildFile; fileRef = 7D227F3321323A6400C9E50D /* NLBRootController.swift */; };
		7D227F362132473800C9E50D /* NLBLoadingController.swift in Sources */ = {isa = PBXBuildFile; fileRef = 7D227F352132473800C9E50D /* NLBLoadingController.swift */; };
		7D227F3D21324D2D00C9E50D /* ZNTabBarItem.swift in Sources */ = {isa = PBXBuildFile; fileRef = 7D227F3B21324D2D00C9E50D /* ZNTabBarItem.swift */; };
		7D227F3E21324D2D00C9E50D /* ZNTabBarController.swift in Sources */ = {isa = PBXBuildFile; fileRef = 7D227F3C21324D2D00C9E50D /* ZNTabBarController.swift */; };
		7D227F4221324EF400C9E50D /* NLBEnjoyController.swift in Sources */ = {isa = PBXBuildFile; fileRef = 7D227F4121324EF400C9E50D /* NLBEnjoyController.swift */; };
		7D227F442132518700C9E50D /* NLBConstFetchUrls.swift in Sources */ = {isa = PBXBuildFile; fileRef = 7D227F432132518700C9E50D /* NLBConstFetchUrls.swift */; };
		7D227F46213251B200C9E50D /* NLBConst.swift in Sources */ = {isa = PBXBuildFile; fileRef = 7D227F45213251B200C9E50D /* NLBConst.swift */; };
		7D227F4A2132532500C9E50D /* NLBBaseData.swift in Sources */ = {isa = PBXBuildFile; fileRef = 7D227F492132532500C9E50D /* NLBBaseData.swift */; };
		7D227F4C2132567B00C9E50D /* NLBJokeData.swift in Sources */ = {isa = PBXBuildFile; fileRef = 7D227F4B2132567B00C9E50D /* NLBJokeData.swift */; };
		7D227F4E213271A200C9E50D /* NLBJokeController.swift in Sources */ = {isa = PBXBuildFile; fileRef = 7D227F4D213271A200C9E50D /* NLBJokeController.swift */; };
		7D227F50213271B700C9E50D /* NLBJokeListController.swift in Sources */ = {isa = PBXBuildFile; fileRef = 7D227F4F213271B700C9E50D /* NLBJokeListController.swift */; };
		7D227F532132757200C9E50D /* NLBEnjoyViewModel.swift in Sources */ = {isa = PBXBuildFile; fileRef = 7D227F522132757200C9E50D /* NLBEnjoyViewModel.swift */; };
		7D308FA621322BE0004409DF /* AppDelegate.swift in Sources */ = {isa = PBXBuildFile; fileRef = 7D308FA521322BE0004409DF /* AppDelegate.swift */; };
		7D308FAB21322BE0004409DF /* Main.storyboard in Resources */ = {isa = PBXBuildFile; fileRef = 7D308FA921322BE0004409DF /* Main.storyboard */; };
		7D308FAD21322BE0004409DF /* Assets.xcassets in Resources */ = {isa = PBXBuildFile; fileRef = 7D308FAC21322BE0004409DF /* Assets.xcassets */; };
		7D308FB021322BE0004409DF /* LaunchScreen.storyboard in Resources */ = {isa = PBXBuildFile; fileRef = 7D308FAE21322BE0004409DF /* LaunchScreen.storyboard */; };
		7D308FBB21322BE0004409DF /* NanLifeBoxTests.swift in Sources */ = {isa = PBXBuildFile; fileRef = 7D308FBA21322BE0004409DF /* NanLifeBoxTests.swift */; };
		7D308FC621322BE1004409DF /* NanLifeBoxUITests.swift in Sources */ = {isa = PBXBuildFile; fileRef = 7D308FC521322BE1004409DF /* NanLifeBoxUITests.swift */; };
		7D308FD721322D55004409DF /* NLBNetwork.swift in Sources */ = {isa = PBXBuildFile; fileRef = 7D308FD621322D55004409DF /* NLBNetwork.swift */; };
		9C90672E123782522CB1E07D /* Pods_NanLifeBox.framework in Frameworks */ = {isa = PBXBuildFile; fileRef = 0D0CF61492E4B38C31C8867E /* Pods_NanLifeBox.framework */; };
/* End PBXBuildFile section */

/* Begin PBXContainerItemProxy section */
		7D308FB721322BE0004409DF /* PBXContainerItemProxy */ = {
			isa = PBXContainerItemProxy;
			containerPortal = 7D308F9A21322BE0004409DF /* Project object */;
			proxyType = 1;
			remoteGlobalIDString = 7D308FA121322BE0004409DF;
			remoteInfo = NanLifeBox;
		};
		7D308FC221322BE1004409DF /* PBXContainerItemProxy */ = {
			isa = PBXContainerItemProxy;
			containerPortal = 7D308F9A21322BE0004409DF /* Project object */;
			proxyType = 1;
			remoteGlobalIDString = 7D308FA121322BE0004409DF;
			remoteInfo = NanLifeBox;
		};
/* End PBXContainerItemProxy section */

/* Begin PBXFileReference section */
		0D0CF61492E4B38C31C8867E /* Pods_NanLifeBox.framework */ = {isa = PBXFileReference; explicitFileType = wrapper.framework; includeInIndex = 0; path = Pods_NanLifeBox.framework; sourceTree = BUILT_PRODUCTS_DIR; };
		366D75EEE413E76AE9EC7903 /* Pods-NanLifeBox.debug.xcconfig */ = {isa = PBXFileReference; includeInIndex = 1; lastKnownFileType = text.xcconfig; name = "Pods-NanLifeBox.debug.xcconfig"; path = "Pods/Target Support Files/Pods-NanLifeBox/Pods-NanLifeBox.debug.xcconfig"; sourceTree = "<group>"; };
		7D227F302132394100C9E50D /* NLBHomeController.swift */ = {isa = PBXFileReference; lastKnownFileType = sourcecode.swift; path = NLBHomeController.swift; sourceTree = "<group>"; };
		7D227F3321323A6400C9E50D /* NLBRootController.swift */ = {isa = PBXFileReference; lastKnownFileType = sourcecode.swift; path = NLBRootController.swift; sourceTree = "<group>"; };
		7D227F352132473800C9E50D /* NLBLoadingController.swift */ = {isa = PBXFileReference; lastKnownFileType = sourcecode.swift; path = NLBLoadingController.swift; sourceTree = "<group>"; };
		7D227F37213247D600C9E50D /* SnapKit.framework */ = {isa = PBXFileReference; explicitFileType = wrapper.framework; path = SnapKit.framework; sourceTree = BUILT_PRODUCTS_DIR; };
		7D227F3B21324D2D00C9E50D /* ZNTabBarItem.swift */ = {isa = PBXFileReference; fileEncoding = 4; lastKnownFileType = sourcecode.swift; path = ZNTabBarItem.swift; sourceTree = "<group>"; };
		7D227F3C21324D2D00C9E50D /* ZNTabBarController.swift */ = {isa = PBXFileReference; fileEncoding = 4; lastKnownFileType = sourcecode.swift; path = ZNTabBarController.swift; sourceTree = "<group>"; };
		7D227F4121324EF400C9E50D /* NLBEnjoyController.swift */ = {isa = PBXFileReference; lastKnownFileType = sourcecode.swift; path = NLBEnjoyController.swift; sourceTree = "<group>"; };
		7D227F432132518700C9E50D /* NLBConstFetchUrls.swift */ = {isa = PBXFileReference; lastKnownFileType = sourcecode.swift; path = NLBConstFetchUrls.swift; sourceTree = "<group>"; };
		7D227F45213251B200C9E50D /* NLBConst.swift */ = {isa = PBXFileReference; lastKnownFileType = sourcecode.swift; path = NLBConst.swift; sourceTree = "<group>"; };
		7D227F492132532500C9E50D /* NLBBaseData.swift */ = {isa = PBXFileReference; lastKnownFileType = sourcecode.swift; path = NLBBaseData.swift; sourceTree = "<group>"; };
		7D227F4B2132567B00C9E50D /* NLBJokeData.swift */ = {isa = PBXFileReference; lastKnownFileType = sourcecode.swift; path = NLBJokeData.swift; sourceTree = "<group>"; };
		7D227F4D213271A200C9E50D /* NLBJokeController.swift */ = {isa = PBXFileReference; lastKnownFileType = sourcecode.swift; path = NLBJokeController.swift; sourceTree = "<group>"; };
		7D227F4F213271B700C9E50D /* NLBJokeListController.swift */ = {isa = PBXFileReference; lastKnownFileType = sourcecode.swift; path = NLBJokeListController.swift; sourceTree = "<group>"; };
		7D227F522132757200C9E50D /* NLBEnjoyViewModel.swift */ = {isa = PBXFileReference; lastKnownFileType = sourcecode.swift; path = NLBEnjoyViewModel.swift; sourceTree = "<group>"; };
		7D308FA221322BE0004409DF /* NanLifeBox.app */ = {isa = PBXFileReference; explicitFileType = wrapper.application; includeInIndex = 0; path = NanLifeBox.app; sourceTree = BUILT_PRODUCTS_DIR; };
		7D308FA521322BE0004409DF /* AppDelegate.swift */ = {isa = PBXFileReference; lastKnownFileType = sourcecode.swift; path = AppDelegate.swift; sourceTree = "<group>"; };
		7D308FAA21322BE0004409DF /* Base */ = {isa = PBXFileReference; lastKnownFileType = file.storyboard; name = Base; path = Base.lproj/Main.storyboard; sourceTree = "<group>"; };
		7D308FAC21322BE0004409DF /* Assets.xcassets */ = {isa = PBXFileReference; lastKnownFileType = folder.assetcatalog; path = Assets.xcassets; sourceTree = "<group>"; };
		7D308FAF21322BE0004409DF /* Base */ = {isa = PBXFileReference; lastKnownFileType = file.storyboard; name = Base; path = Base.lproj/LaunchScreen.storyboard; sourceTree = "<group>"; };
		7D308FB121322BE0004409DF /* Info.plist */ = {isa = PBXFileReference; lastKnownFileType = text.plist.xml; path = Info.plist; sourceTree = "<group>"; };
		7D308FB621322BE0004409DF /* NanLifeBoxTests.xctest */ = {isa = PBXFileReference; explicitFileType = wrapper.cfbundle; includeInIndex = 0; path = NanLifeBoxTests.xctest; sourceTree = BUILT_PRODUCTS_DIR; };
		7D308FBA21322BE0004409DF /* NanLifeBoxTests.swift */ = {isa = PBXFileReference; lastKnownFileType = sourcecode.swift; path = NanLifeBoxTests.swift; sourceTree = "<group>"; };
		7D308FBC21322BE0004409DF /* Info.plist */ = {isa = PBXFileReference; lastKnownFileType = text.plist.xml; path = Info.plist; sourceTree = "<group>"; };
		7D308FC121322BE1004409DF /* NanLifeBoxUITests.xctest */ = {isa = PBXFileReference; explicitFileType = wrapper.cfbundle; includeInIndex = 0; path = NanLifeBoxUITests.xctest; sourceTree = BUILT_PRODUCTS_DIR; };
		7D308FC521322BE1004409DF /* NanLifeBoxUITests.swift */ = {isa = PBXFileReference; lastKnownFileType = sourcecode.swift; path = NanLifeBoxUITests.swift; sourceTree = "<group>"; };
		7D308FC721322BE1004409DF /* Info.plist */ = {isa = PBXFileReference; lastKnownFileType = text.plist.xml; path = Info.plist; sourceTree = "<group>"; };
		7D308FD621322D55004409DF /* NLBNetwork.swift */ = {isa = PBXFileReference; lastKnownFileType = sourcecode.swift; path = NLBNetwork.swift; sourceTree = "<group>"; };
		7D308FD821322E37004409DF /* Alamofire.framework */ = {isa = PBXFileReference; explicitFileType = wrapper.framework; path = Alamofire.framework; sourceTree = BUILT_PRODUCTS_DIR; };
		7D308FDA213230C8004409DF /* Alamofire.framework */ = {isa = PBXFileReference; explicitFileType = wrapper.framework; path = Alamofire.framework; sourceTree = BUILT_PRODUCTS_DIR; };
		7D308FDC21323220004409DF /* Foundation.framework */ = {isa = PBXFileReference; lastKnownFileType = wrapper.framework; name = Foundation.framework; path = System/Library/Frameworks/Foundation.framework; sourceTree = SDKROOT; };
		D4345C59A5559A1A2A3BF5AB /* Pods-NanLifeBox.release.xcconfig */ = {isa = PBXFileReference; includeInIndex = 1; lastKnownFileType = text.xcconfig; name = "Pods-NanLifeBox.release.xcconfig"; path = "Pods/Target Support Files/Pods-NanLifeBox/Pods-NanLifeBox.release.xcconfig"; sourceTree = "<group>"; };
/* End PBXFileReference section */

/* Begin PBXFrameworksBuildPhase section */
		7D308F9F21322BE0004409DF /* Frameworks */ = {
			isa = PBXFrameworksBuildPhase;
			buildActionMask = 2147483647;
			files = (
				9C90672E123782522CB1E07D /* Pods_NanLifeBox.framework in Frameworks */,
			);
			runOnlyForDeploymentPostprocessing = 0;
		};
		7D308FB321322BE0004409DF /* Frameworks */ = {
			isa = PBXFrameworksBuildPhase;
			buildActionMask = 2147483647;
			files = (
			);
			runOnlyForDeploymentPostprocessing = 0;
		};
		7D308FBE21322BE0004409DF /* Frameworks */ = {
			isa = PBXFrameworksBuildPhase;
			buildActionMask = 2147483647;
			files = (
			);
			runOnlyForDeploymentPostprocessing = 0;
		};
/* End PBXFrameworksBuildPhase section */

/* Begin PBXGroup section */
		2EC34B39A8C1CB79D5323FDD /* Pods */ = {
			isa = PBXGroup;
			children = (
				366D75EEE413E76AE9EC7903 /* Pods-NanLifeBox.debug.xcconfig */,
				D4345C59A5559A1A2A3BF5AB /* Pods-NanLifeBox.release.xcconfig */,
			);
			name = Pods;
			sourceTree = "<group>";
		};
		7D227F2E213238FE00C9E50D /* Home */ = {
			isa = PBXGroup;
			children = (
				7D227F2F2132391100C9E50D /* Controller */,
			);
			path = Home;
			sourceTree = "<group>";
		};
		7D227F2F2132391100C9E50D /* Controller */ = {
			isa = PBXGroup;
			children = (
				7D227F302132394100C9E50D /* NLBHomeController.swift */,
			);
			path = Controller;
			sourceTree = "<group>";
		};
		7D227F3221323A5600C9E50D /* Controller */ = {
			isa = PBXGroup;
			children = (
				7D227F3321323A6400C9E50D /* NLBRootController.swift */,
				7D227F352132473800C9E50D /* NLBLoadingController.swift */,
			);
			path = Controller;
			sourceTree = "<group>";
		};
		7D227F3921324D1700C9E50D /* Vendor */ = {
			isa = PBXGroup;
			children = (
				7D227F3A21324D2D00C9E50D /* ZNTabBarController */,
			);
			path = Vendor;
			sourceTree = "<group>";
		};
		7D227F3A21324D2D00C9E50D /* ZNTabBarController */ = {
			isa = PBXGroup;
			children = (
				7D227F3B21324D2D00C9E50D /* ZNTabBarItem.swift */,
				7D227F3C21324D2D00C9E50D /* ZNTabBarController.swift */,
			);
			path = ZNTabBarController;
			sourceTree = "<group>";
		};
		7D227F3F21324EA700C9E50D /* Enjoy */ = {
			isa = PBXGroup;
			children = (
				7D227F512132755C00C9E50D /* ViewModel */,
				7D227F47213252D900C9E50D /* Model */,
				7D227F4021324EBE00C9E50D /* Controller */,
			);
			path = Enjoy;
			sourceTree = "<group>";
		};
		7D227F4021324EBE00C9E50D /* Controller */ = {
			isa = PBXGroup;
			children = (
				7D227F4121324EF400C9E50D /* NLBEnjoyController.swift */,
				7D227F4D213271A200C9E50D /* NLBJokeController.swift */,
				7D227F4F213271B700C9E50D /* NLBJokeListController.swift */,
			);
			path = Controller;
			sourceTree = "<group>";
		};
		7D227F47213252D900C9E50D /* Model */ = {
			isa = PBXGroup;
			children = (
				7D227F4B2132567B00C9E50D /* NLBJokeData.swift */,
			);
			path = Model;
			sourceTree = "<group>";
		};
		7D227F482132531000C9E50D /* Model */ = {
			isa = PBXGroup;
			children = (
				7D227F492132532500C9E50D /* NLBBaseData.swift */,
			);
			path = Model;
			sourceTree = "<group>";
		};
		7D227F512132755C00C9E50D /* ViewModel */ = {
			isa = PBXGroup;
			children = (
				7D227F522132757200C9E50D /* NLBEnjoyViewModel.swift */,
			);
			path = ViewModel;
			sourceTree = "<group>";
		};
		7D308F9921322BE0004409DF = {
			isa = PBXGroup;
			children = (
				7D308FA421322BE0004409DF /* NanLifeBox */,
				7D308FB921322BE0004409DF /* NanLifeBoxTests */,
				7D308FC421322BE1004409DF /* NanLifeBoxUITests */,
				7D308FA321322BE0004409DF /* Products */,
				2EC34B39A8C1CB79D5323FDD /* Pods */,
				E510608EEC6A068FC6CD9750 /* Frameworks */,
			);
			sourceTree = "<group>";
		};
		7D308FA321322BE0004409DF /* Products */ = {
			isa = PBXGroup;
			children = (
				7D308FA221322BE0004409DF /* NanLifeBox.app */,
				7D308FB621322BE0004409DF /* NanLifeBoxTests.xctest */,
				7D308FC121322BE1004409DF /* NanLifeBoxUITests.xctest */,
			);
			name = Products;
			sourceTree = "<group>";
		};
		7D308FA421322BE0004409DF /* NanLifeBox */ = {
			isa = PBXGroup;
			children = (
				7D227F3921324D1700C9E50D /* Vendor */,
				7D227F2E213238FE00C9E50D /* Home */,
				7D227F3F21324EA700C9E50D /* Enjoy */,
				7D308FD421322CE1004409DF /* Common */,
				7D308FD321322CB9004409DF /* Resources */,
				7D308FA521322BE0004409DF /* AppDelegate.swift */,
				7D308FA921322BE0004409DF /* Main.storyboard */,
				7D308FAC21322BE0004409DF /* Assets.xcassets */,
				7D308FAE21322BE0004409DF /* LaunchScreen.storyboard */,
				7D308FB121322BE0004409DF /* Info.plist */,
			);
			path = NanLifeBox;
			sourceTree = "<group>";
		};
		7D308FB921322BE0004409DF /* NanLifeBoxTests */ = {
			isa = PBXGroup;
			children = (
				7D308FBA21322BE0004409DF /* NanLifeBoxTests.swift */,
				7D308FBC21322BE0004409DF /* Info.plist */,
			);
			path = NanLifeBoxTests;
			sourceTree = "<group>";
		};
		7D308FC421322BE1004409DF /* NanLifeBoxUITests */ = {
			isa = PBXGroup;
			children = (
				7D308FC521322BE1004409DF /* NanLifeBoxUITests.swift */,
				7D308FC721322BE1004409DF /* Info.plist */,
			);
			path = NanLifeBoxUITests;
			sourceTree = "<group>";
		};
		7D308FD321322CB9004409DF /* Resources */ = {
			isa = PBXGroup;
			children = (
			);
			path = Resources;
			sourceTree = "<group>";
		};
		7D308FD421322CE1004409DF /* Common */ = {
			isa = PBXGroup;
			children = (
				7D227F482132531000C9E50D /* Model */,
				7D227F3221323A5600C9E50D /* Controller */,
				7D308FD521322CF5004409DF /* Network */,
				7D227F45213251B200C9E50D /* NLBConst.swift */,
			);
			path = Common;
			sourceTree = "<group>";
		};
		7D308FD521322CF5004409DF /* Network */ = {
			isa = PBXGroup;
			children = (
				7D308FD621322D55004409DF /* NLBNetwork.swift */,
				7D227F432132518700C9E50D /* NLBConstFetchUrls.swift */,
			);
			path = Network;
			sourceTree = "<group>";
		};
		E510608EEC6A068FC6CD9750 /* Frameworks */ = {
			isa = PBXGroup;
			children = (
				7D227F37213247D600C9E50D /* SnapKit.framework */,
				7D308FDC21323220004409DF /* Foundation.framework */,
				7D308FDA213230C8004409DF /* Alamofire.framework */,
				7D308FD821322E37004409DF /* Alamofire.framework */,
				0D0CF61492E4B38C31C8867E /* Pods_NanLifeBox.framework */,
			);
			name = Frameworks;
			sourceTree = "<group>";
		};
/* End PBXGroup section */

/* Begin PBXNativeTarget section */
		7D308FA121322BE0004409DF /* NanLifeBox */ = {
			isa = PBXNativeTarget;
			buildConfigurationList = 7D308FCA21322BE1004409DF /* Build configuration list for PBXNativeTarget "NanLifeBox" */;
			buildPhases = (
				A41E0702A242F98D67811253 /* [CP] Check Pods Manifest.lock */,
				7D308F9E21322BE0004409DF /* Sources */,
				7D308F9F21322BE0004409DF /* Frameworks */,
				7D308FA021322BE0004409DF /* Resources */,
				E65A85B6A109B2F085E31759 /* [CP] Embed Pods Frameworks */,
			);
			buildRules = (
			);
			dependencies = (
			);
			name = NanLifeBox;
			productName = NanLifeBox;
			productReference = 7D308FA221322BE0004409DF /* NanLifeBox.app */;
			productType = "com.apple.product-type.application";
		};
		7D308FB521322BE0004409DF /* NanLifeBoxTests */ = {
			isa = PBXNativeTarget;
			buildConfigurationList = 7D308FCD21322BE1004409DF /* Build configuration list for PBXNativeTarget "NanLifeBoxTests" */;
			buildPhases = (
				7D308FB221322BE0004409DF /* Sources */,
				7D308FB321322BE0004409DF /* Frameworks */,
				7D308FB421322BE0004409DF /* Resources */,
			);
			buildRules = (
			);
			dependencies = (
				7D308FB821322BE0004409DF /* PBXTargetDependency */,
			);
			name = NanLifeBoxTests;
			productName = NanLifeBoxTests;
			productReference = 7D308FB621322BE0004409DF /* NanLifeBoxTests.xctest */;
			productType = "com.apple.product-type.bundle.unit-test";
		};
		7D308FC021322BE0004409DF /* NanLifeBoxUITests */ = {
			isa = PBXNativeTarget;
			buildConfigurationList = 7D308FD021322BE1004409DF /* Build configuration list for PBXNativeTarget "NanLifeBoxUITests" */;
			buildPhases = (
				7D308FBD21322BE0004409DF /* Sources */,
				7D308FBE21322BE0004409DF /* Frameworks */,
				7D308FBF21322BE0004409DF /* Resources */,
			);
			buildRules = (
			);
			dependencies = (
				7D308FC321322BE1004409DF /* PBXTargetDependency */,
			);
			name = NanLifeBoxUITests;
			productName = NanLifeBoxUITests;
			productReference = 7D308FC121322BE1004409DF /* NanLifeBoxUITests.xctest */;
			productType = "com.apple.product-type.bundle.ui-testing";
		};
/* End PBXNativeTarget section */

/* Begin PBXProject section */
		7D308F9A21322BE0004409DF /* Project object */ = {
			isa = PBXProject;
			attributes = {
				CLASSPREFIX = NLB;
				LastSwiftUpdateCheck = 0940;
				LastUpgradeCheck = 0940;
				ORGANIZATIONNAME = Sniper;
				TargetAttributes = {
					7D308FA121322BE0004409DF = {
						CreatedOnToolsVersion = 9.4.1;
					};
					7D308FB521322BE0004409DF = {
						CreatedOnToolsVersion = 9.4.1;
						TestTargetID = 7D308FA121322BE0004409DF;
					};
					7D308FC021322BE0004409DF = {
						CreatedOnToolsVersion = 9.4.1;
						TestTargetID = 7D308FA121322BE0004409DF;
					};
				};
			};
			buildConfigurationList = 7D308F9D21322BE0004409DF /* Build configuration list for PBXProject "NanLifeBox" */;
			compatibilityVersion = "Xcode 9.3";
			developmentRegion = en;
			hasScannedForEncodings = 0;
			knownRegions = (
				en,
				Base,
			);
			mainGroup = 7D308F9921322BE0004409DF;
			productRefGroup = 7D308FA321322BE0004409DF /* Products */;
			projectDirPath = "";
			projectRoot = "";
			targets = (
				7D308FA121322BE0004409DF /* NanLifeBox */,
				7D308FB521322BE0004409DF /* NanLifeBoxTests */,
				7D308FC021322BE0004409DF /* NanLifeBoxUITests */,
			);
		};
/* End PBXProject section */

/* Begin PBXResourcesBuildPhase section */
		7D308FA021322BE0004409DF /* Resources */ = {
			isa = PBXResourcesBuildPhase;
			buildActionMask = 2147483647;
			files = (
				7D308FB021322BE0004409DF /* LaunchScreen.storyboard in Resources */,
				7D308FAD21322BE0004409DF /* Assets.xcassets in Resources */,
				7D308FAB21322BE0004409DF /* Main.storyboard in Resources */,
			);
			runOnlyForDeploymentPostprocessing = 0;
		};
		7D308FB421322BE0004409DF /* Resources */ = {
			isa = PBXResourcesBuildPhase;
			buildActionMask = 2147483647;
			files = (
			);
			runOnlyForDeploymentPostprocessing = 0;
		};
		7D308FBF21322BE0004409DF /* Resources */ = {
			isa = PBXResourcesBuildPhase;
			buildActionMask = 2147483647;
			files = (
			);
			runOnlyForDeploymentPostprocessing = 0;
		};
/* End PBXResourcesBuildPhase section */

/* Begin PBXShellScriptBuildPhase section */
		A41E0702A242F98D67811253 /* [CP] Check Pods Manifest.lock */ = {
			isa = PBXShellScriptBuildPhase;
			buildActionMask = 2147483647;
			files = (
			);
			inputPaths = (
				"${PODS_PODFILE_DIR_PATH}/Podfile.lock",
				"${PODS_ROOT}/Manifest.lock",
			);
			name = "[CP] Check Pods Manifest.lock";
			outputPaths = (
				"$(DERIVED_FILE_DIR)/Pods-NanLifeBox-checkManifestLockResult.txt",
			);
			runOnlyForDeploymentPostprocessing = 0;
			shellPath = /bin/sh;
			shellScript = "diff \"${PODS_PODFILE_DIR_PATH}/Podfile.lock\" \"${PODS_ROOT}/Manifest.lock\" > /dev/null\nif [ $? != 0 ] ; then\n    # print error to STDERR\n    echo \"error: The sandbox is not in sync with the Podfile.lock. Run 'pod install' or update your CocoaPods installation.\" >&2\n    exit 1\nfi\n# This output is used by Xcode 'outputs' to avoid re-running this script phase.\necho \"SUCCESS\" > \"${SCRIPT_OUTPUT_FILE_0}\"\n";
			showEnvVarsInLog = 0;
		};
		E65A85B6A109B2F085E31759 /* [CP] Embed Pods Frameworks */ = {
			isa = PBXShellScriptBuildPhase;
			buildActionMask = 2147483647;
			files = (
			);
			inputPaths = (
				"${SRCROOT}/Pods/Target Support Files/Pods-NanLifeBox/Pods-NanLifeBox-frameworks.sh",
				"${BUILT_PRODUCTS_DIR}/Alamofire/Alamofire.framework",
				"${BUILT_PRODUCTS_DIR}/ReactiveCocoa/ReactiveCocoa.framework",
				"${BUILT_PRODUCTS_DIR}/ReactiveSwift/ReactiveSwift.framework",
				"${BUILT_PRODUCTS_DIR}/Result/Result.framework",
				"${BUILT_PRODUCTS_DIR}/SnapKit/SnapKit.framework",
			);
			name = "[CP] Embed Pods Frameworks";
			outputPaths = (
				"${TARGET_BUILD_DIR}/${FRAMEWORKS_FOLDER_PATH}/Alamofire.framework",
				"${TARGET_BUILD_DIR}/${FRAMEWORKS_FOLDER_PATH}/ReactiveCocoa.framework",
				"${TARGET_BUILD_DIR}/${FRAMEWORKS_FOLDER_PATH}/ReactiveSwift.framework",
				"${TARGET_BUILD_DIR}/${FRAMEWORKS_FOLDER_PATH}/Result.framework",
				"${TARGET_BUILD_DIR}/${FRAMEWORKS_FOLDER_PATH}/SnapKit.framework",
			);
			runOnlyForDeploymentPostprocessing = 0;
			shellPath = /bin/sh;
			shellScript = "\"${SRCROOT}/Pods/Target Support Files/Pods-NanLifeBox/Pods-NanLifeBox-frameworks.sh\"\n";
			showEnvVarsInLog = 0;
		};
/* End PBXShellScriptBuildPhase section */

/* Begin PBXSourcesBuildPhase section */
		7D308F9E21322BE0004409DF /* Sources */ = {
			isa = PBXSourcesBuildPhase;
			buildActionMask = 2147483647;
			files = (
				7D227F4221324EF400C9E50D /* NLBEnjoyController.swift in Sources */,
				7D227F442132518700C9E50D /* NLBConstFetchUrls.swift in Sources */,
				7D227F4A2132532500C9E50D /* NLBBaseData.swift in Sources */,
				7D227F50213271B700C9E50D /* NLBJokeListController.swift in Sources */,
				7D227F4C2132567B00C9E50D /* NLBJokeData.swift in Sources */,
				7D227F46213251B200C9E50D /* NLBConst.swift in Sources */,
				7D227F4E213271A200C9E50D /* NLBJokeController.swift in Sources */,
				7D227F3D21324D2D00C9E50D /* ZNTabBarItem.swift in Sources */,
				7D308FD721322D55004409DF /* NLBNetwork.swift in Sources */,
				7D308FA621322BE0004409DF /* AppDelegate.swift in Sources */,
				7D227F3E21324D2D00C9E50D /* ZNTabBarController.swift in Sources */,
				7D227F3421323A6400C9E50D /* NLBRootController.swift in Sources */,
				7D227F532132757200C9E50D /* NLBEnjoyViewModel.swift in Sources */,
				7D227F362132473800C9E50D /* NLBLoadingController.swift in Sources */,
				7D227F312132394100C9E50D /* NLBHomeController.swift in Sources */,
			);
			runOnlyForDeploymentPostprocessing = 0;
		};
		7D308FB221322BE0004409DF /* Sources */ = {
			isa = PBXSourcesBuildPhase;
			buildActionMask = 2147483647;
			files = (
				7D308FBB21322BE0004409DF /* NanLifeBoxTests.swift in Sources */,
			);
			runOnlyForDeploymentPostprocessing = 0;
		};
		7D308FBD21322BE0004409DF /* Sources */ = {
			isa = PBXSourcesBuildPhase;
			buildActionMask = 2147483647;
			files = (
				7D308FC621322BE1004409DF /* NanLifeBoxUITests.swift in Sources */,
			);
			runOnlyForDeploymentPostprocessing = 0;
		};
/* End PBXSourcesBuildPhase section */

/* Begin PBXTargetDependency section */
		7D308FB821322BE0004409DF /* PBXTargetDependency */ = {
			isa = PBXTargetDependency;
			target = 7D308FA121322BE0004409DF /* NanLifeBox */;
			targetProxy = 7D308FB721322BE0004409DF /* PBXContainerItemProxy */;
		};
		7D308FC321322BE1004409DF /* PBXTargetDependency */ = {
			isa = PBXTargetDependency;
			target = 7D308FA121322BE0004409DF /* NanLifeBox */;
			targetProxy = 7D308FC221322BE1004409DF /* PBXContainerItemProxy */;
		};
/* End PBXTargetDependency section */

/* Begin PBXVariantGroup section */
		7D308FA921322BE0004409DF /* Main.storyboard */ = {
			isa = PBXVariantGroup;
			children = (
				7D308FAA21322BE0004409DF /* Base */,
			);
			name = Main.storyboard;
			sourceTree = "<group>";
		};
		7D308FAE21322BE0004409DF /* LaunchScreen.storyboard */ = {
			isa = PBXVariantGroup;
			children = (
				7D308FAF21322BE0004409DF /* Base */,
			);
			name = LaunchScreen.storyboard;
			sourceTree = "<group>";
		};
/* End PBXVariantGroup section */

/* Begin XCBuildConfiguration section */
		7D308FC821322BE1004409DF /* Debug */ = {
			isa = XCBuildConfiguration;
			buildSettings = {
				ALWAYS_SEARCH_USER_PATHS = NO;
				CLANG_ANALYZER_NONNULL = YES;
				CLANG_ANALYZER_NUMBER_OBJECT_CONVERSION = YES_AGGRESSIVE;
				CLANG_CXX_LANGUAGE_STANDARD = "gnu++14";
				CLANG_CXX_LIBRARY = "libc++";
				CLANG_ENABLE_MODULES = YES;
				CLANG_ENABLE_OBJC_ARC = YES;
				CLANG_ENABLE_OBJC_WEAK = YES;
				CLANG_WARN_BLOCK_CAPTURE_AUTORELEASING = YES;
				CLANG_WARN_BOOL_CONVERSION = YES;
				CLANG_WARN_COMMA = YES;
				CLANG_WARN_CONSTANT_CONVERSION = YES;
				CLANG_WARN_DEPRECATED_OBJC_IMPLEMENTATIONS = YES;
				CLANG_WARN_DIRECT_OBJC_ISA_USAGE = YES_ERROR;
				CLANG_WARN_DOCUMENTATION_COMMENTS = YES;
				CLANG_WARN_EMPTY_BODY = YES;
				CLANG_WARN_ENUM_CONVERSION = YES;
				CLANG_WARN_INFINITE_RECURSION = YES;
				CLANG_WARN_INT_CONVERSION = YES;
				CLANG_WARN_NON_LITERAL_NULL_CONVERSION = YES;
				CLANG_WARN_OBJC_IMPLICIT_RETAIN_SELF = YES;
				CLANG_WARN_OBJC_LITERAL_CONVERSION = YES;
				CLANG_WARN_OBJC_ROOT_CLASS = YES_ERROR;
				CLANG_WARN_RANGE_LOOP_ANALYSIS = YES;
				CLANG_WARN_STRICT_PROTOTYPES = YES;
				CLANG_WARN_SUSPICIOUS_MOVE = YES;
				CLANG_WARN_UNGUARDED_AVAILABILITY = YES_AGGRESSIVE;
				CLANG_WARN_UNREACHABLE_CODE = YES;
				CLANG_WARN__DUPLICATE_METHOD_MATCH = YES;
				CODE_SIGN_IDENTITY = "iPhone Developer";
				COPY_PHASE_STRIP = NO;
				DEBUG_INFORMATION_FORMAT = dwarf;
				ENABLE_STRICT_OBJC_MSGSEND = YES;
				ENABLE_TESTABILITY = YES;
				GCC_C_LANGUAGE_STANDARD = gnu11;
				GCC_DYNAMIC_NO_PIC = NO;
				GCC_NO_COMMON_BLOCKS = YES;
				GCC_OPTIMIZATION_LEVEL = 0;
				GCC_PREPROCESSOR_DEFINITIONS = (
					"DEBUG=1",
					"$(inherited)",
				);
				GCC_WARN_64_TO_32_BIT_CONVERSION = YES;
				GCC_WARN_ABOUT_RETURN_TYPE = YES_ERROR;
				GCC_WARN_UNDECLARED_SELECTOR = YES;
				GCC_WARN_UNINITIALIZED_AUTOS = YES_AGGRESSIVE;
				GCC_WARN_UNUSED_FUNCTION = YES;
				GCC_WARN_UNUSED_VARIABLE = YES;
				IPHONEOS_DEPLOYMENT_TARGET = 10.0;
				MTL_ENABLE_DEBUG_INFO = YES;
				ONLY_ACTIVE_ARCH = YES;
				SDKROOT = iphoneos;
				SWIFT_ACTIVE_COMPILATION_CONDITIONS = DEBUG;
				SWIFT_OPTIMIZATION_LEVEL = "-Onone";
			};
			name = Debug;
		};
		7D308FC921322BE1004409DF /* Release */ = {
			isa = XCBuildConfiguration;
			buildSettings = {
				ALWAYS_SEARCH_USER_PATHS = NO;
				CLANG_ANALYZER_NONNULL = YES;
				CLANG_ANALYZER_NUMBER_OBJECT_CONVERSION = YES_AGGRESSIVE;
				CLANG_CXX_LANGUAGE_STANDARD = "gnu++14";
				CLANG_CXX_LIBRARY = "libc++";
				CLANG_ENABLE_MODULES = YES;
				CLANG_ENABLE_OBJC_ARC = YES;
				CLANG_ENABLE_OBJC_WEAK = YES;
				CLANG_WARN_BLOCK_CAPTURE_AUTORELEASING = YES;
				CLANG_WARN_BOOL_CONVERSION = YES;
				CLANG_WARN_COMMA = YES;
				CLANG_WARN_CONSTANT_CONVERSION = YES;
				CLANG_WARN_DEPRECATED_OBJC_IMPLEMENTATIONS = YES;
				CLANG_WARN_DIRECT_OBJC_ISA_USAGE = YES_ERROR;
				CLANG_WARN_DOCUMENTATION_COMMENTS = YES;
				CLANG_WARN_EMPTY_BODY = YES;
				CLANG_WARN_ENUM_CONVERSION = YES;
				CLANG_WARN_INFINITE_RECURSION = YES;
				CLANG_WARN_INT_CONVERSION = YES;
				CLANG_WARN_NON_LITERAL_NULL_CONVERSION = YES;
				CLANG_WARN_OBJC_IMPLICIT_RETAIN_SELF = YES;
				CLANG_WARN_OBJC_LITERAL_CONVERSION = YES;
				CLANG_WARN_OBJC_ROOT_CLASS = YES_ERROR;
				CLANG_WARN_RANGE_LOOP_ANALYSIS = YES;
				CLANG_WARN_STRICT_PROTOTYPES = YES;
				CLANG_WARN_SUSPICIOUS_MOVE = YES;
				CLANG_WARN_UNGUARDED_AVAILABILITY = YES_AGGRESSIVE;
				CLANG_WARN_UNREACHABLE_CODE = YES;
				CLANG_WARN__DUPLICATE_METHOD_MATCH = YES;
				CODE_SIGN_IDENTITY = "iPhone Developer";
				COPY_PHASE_STRIP = NO;
				DEBUG_INFORMATION_FORMAT = "dwarf-with-dsym";
				ENABLE_NS_ASSERTIONS = NO;
				ENABLE_STRICT_OBJC_MSGSEND = YES;
				GCC_C_LANGUAGE_STANDARD = gnu11;
				GCC_NO_COMMON_BLOCKS = YES;
				GCC_WARN_64_TO_32_BIT_CONVERSION = YES;
				GCC_WARN_ABOUT_RETURN_TYPE = YES_ERROR;
				GCC_WARN_UNDECLARED_SELECTOR = YES;
				GCC_WARN_UNINITIALIZED_AUTOS = YES_AGGRESSIVE;
				GCC_WARN_UNUSED_FUNCTION = YES;
				GCC_WARN_UNUSED_VARIABLE = YES;
				IPHONEOS_DEPLOYMENT_TARGET = 10.0;
				MTL_ENABLE_DEBUG_INFO = NO;
				SDKROOT = iphoneos;
				SWIFT_COMPILATION_MODE = wholemodule;
				SWIFT_OPTIMIZATION_LEVEL = "-O";
				VALIDATE_PRODUCT = YES;
			};
			name = Release;
		};
		7D308FCB21322BE1004409DF /* Debug */ = {
			isa = XCBuildConfiguration;
			baseConfigurationReference = 366D75EEE413E76AE9EC7903 /* Pods-NanLifeBox.debug.xcconfig */;
			buildSettings = {
				ASSETCATALOG_COMPILER_APPICON_NAME = AppIcon;
				CODE_SIGN_STYLE = Automatic;
				DEVELOPMENT_TEAM = 24UF99W49D;
				GCC_GENERATE_TEST_COVERAGE_FILES = NO;
				INFOPLIST_FILE = NanLifeBox/Info.plist;
				IPHONEOS_DEPLOYMENT_TARGET = 10.0;
				LD_RUNPATH_SEARCH_PATHS = (
					"$(inherited)",
					"@executable_path/Frameworks",
				);
				PRODUCT_BUNDLE_IDENTIFIER = com.enjoy.NanLifeBox;
				PRODUCT_NAME = "$(TARGET_NAME)";
				SWIFT_VERSION = 4.0;
				TARGETED_DEVICE_FAMILY = "1,2";
			};
			name = Debug;
		};
		7D308FCC21322BE1004409DF /* Release */ = {
			isa = XCBuildConfiguration;
			baseConfigurationReference = D4345C59A5559A1A2A3BF5AB /* Pods-NanLifeBox.release.xcconfig */;
			buildSettings = {
				ASSETCATALOG_COMPILER_APPICON_NAME = AppIcon;
				CODE_SIGN_STYLE = Automatic;
				DEVELOPMENT_TEAM = 24UF99W49D;
				GCC_GENERATE_TEST_COVERAGE_FILES = NO;
				INFOPLIST_FILE = NanLifeBox/Info.plist;
				IPHONEOS_DEPLOYMENT_TARGET = 10.0;
				LD_RUNPATH_SEARCH_PATHS = (
					"$(inherited)",
					"@executable_path/Frameworks",
				);
				PRODUCT_BUNDLE_IDENTIFIER = com.enjoy.NanLifeBox;
				PRODUCT_NAME = "$(TARGET_NAME)";
				SWIFT_VERSION = 4.0;
				TARGETED_DEVICE_FAMILY = "1,2";
			};
			name = Release;
		};
		7D308FCE21322BE1004409DF /* Debug */ = {
			isa = XCBuildConfiguration;
			buildSettings = {
				ALWAYS_EMBED_SWIFT_STANDARD_LIBRARIES = YES;
				BUNDLE_LOADER = "$(TEST_HOST)";
				CODE_SIGN_STYLE = Automatic;
				INFOPLIST_FILE = NanLifeBoxTests/Info.plist;
				LD_RUNPATH_SEARCH_PATHS = (
					"$(inherited)",
					"@executable_path/Frameworks",
					"@loader_path/Frameworks",
				);
				PRODUCT_BUNDLE_IDENTIFIER = com.enjoy.NanLifeBoxTests;
				PRODUCT_NAME = "$(TARGET_NAME)";
				SWIFT_VERSION = 4.0;
				TARGETED_DEVICE_FAMILY = "1,2";
				TEST_HOST = "$(BUILT_PRODUCTS_DIR)/NanLifeBox.app/NanLifeBox";
			};
			name = Debug;
		};
		7D308FCF21322BE1004409DF /* Release */ = {
			isa = XCBuildConfiguration;
			buildSettings = {
				ALWAYS_EMBED_SWIFT_STANDARD_LIBRARIES = YES;
				BUNDLE_LOADER = "$(TEST_HOST)";
				CODE_SIGN_STYLE = Automatic;
				INFOPLIST_FILE = NanLifeBoxTests/Info.plist;
				LD_RUNPATH_SEARCH_PATHS = (
					"$(inherited)",
					"@executable_path/Frameworks",
					"@loader_path/Frameworks",
				);
				PRODUCT_BUNDLE_IDENTIFIER = com.enjoy.NanLifeBoxTests;
				PRODUCT_NAME = "$(TARGET_NAME)";
				SWIFT_VERSION = 4.0;
				TARGETED_DEVICE_FAMILY = "1,2";
				TEST_HOST = "$(BUILT_PRODUCTS_DIR)/NanLifeBox.app/NanLifeBox";
			};
			name = Release;
		};
		7D308FD121322BE1004409DF /* Debug */ = {
			isa = XCBuildConfiguration;
			buildSettings = {
				ALWAYS_EMBED_SWIFT_STANDARD_LIBRARIES = YES;
				CODE_SIGN_STYLE = Automatic;
				INFOPLIST_FILE = NanLifeBoxUITests/Info.plist;
				LD_RUNPATH_SEARCH_PATHS = (
					"$(inherited)",
					"@executable_path/Frameworks",
					"@loader_path/Frameworks",
				);
				PRODUCT_BUNDLE_IDENTIFIER = com.enjoy.NanLifeBoxUITests;
				PRODUCT_NAME = "$(TARGET_NAME)";
				SWIFT_VERSION = 4.0;
				TARGETED_DEVICE_FAMILY = "1,2";
				TEST_TARGET_NAME = NanLifeBox;
			};
			name = Debug;
		};
		7D308FD221322BE1004409DF /* Release */ = {
			isa = XCBuildConfiguration;
			buildSettings = {
				ALWAYS_EMBED_SWIFT_STANDARD_LIBRARIES = YES;
				CODE_SIGN_STYLE = Automatic;
				INFOPLIST_FILE = NanLifeBoxUITests/Info.plist;
				LD_RUNPATH_SEARCH_PATHS = (
					"$(inherited)",
					"@executable_path/Frameworks",
					"@loader_path/Frameworks",
				);
				PRODUCT_BUNDLE_IDENTIFIER = com.enjoy.NanLifeBoxUITests;
				PRODUCT_NAME = "$(TARGET_NAME)";
				SWIFT_VERSION = 4.0;
				TARGETED_DEVICE_FAMILY = "1,2";
				TEST_TARGET_NAME = NanLifeBox;
			};
			name = Release;
		};
/* End XCBuildConfiguration section */

/* Begin XCConfigurationList section */
		7D308F9D21322BE0004409DF /* Build configuration list for PBXProject "NanLifeBox" */ = {
			isa = XCConfigurationList;
			buildConfigurations = (
				7D308FC821322BE1004409DF /* Debug */,
				7D308FC921322BE1004409DF /* Release */,
			);
			defaultConfigurationIsVisible = 0;
			defaultConfigurationName = Release;
		};
		7D308FCA21322BE1004409DF /* Build configuration list for PBXNativeTarget "NanLifeBox" */ = {
			isa = XCConfigurationList;
			buildConfigurations = (
				7D308FCB21322BE1004409DF /* Debug */,
				7D308FCC21322BE1004409DF /* Release */,
			);
			defaultConfigurationIsVisible = 0;
			defaultConfigurationName = Release;
		};
		7D308FCD21322BE1004409DF /* Build configuration list for PBXNativeTarget "NanLifeBoxTests" */ = {
			isa = XCConfigurationList;
			buildConfigurations = (
				7D308FCE21322BE1004409DF /* Debug */,
				7D308FCF21322BE1004409DF /* Release */,
			);
			defaultConfigurationIsVisible = 0;
			defaultConfigurationName = Release;
		};
		7D308FD021322BE1004409DF /* Build configuration list for PBXNativeTarget "NanLifeBoxUITests" */ = {
			isa = XCConfigurationList;
			buildConfigurations = (
				7D308FD121322BE1004409DF /* Debug */,
				7D308FD221322BE1004409DF /* Release */,
			);
			defaultConfigurationIsVisible = 0;
			defaultConfigurationName = Release;
		};
/* End XCConfigurationList section */
	};
	rootObject = 7D308F9A21322BE0004409DF /* Project object */;
}
