// !$*UTF8*$!
{
	archiveVersion = 1;
	classes = {
	};
	objectVersion = 50;
	objects = {

/* Begin PBXBuildFile section */
		7D308FA621322BE0004409DF /* AppDelegate.swift in Sources */ = {isa = PBXBuildFile; fileRef = 7D308FA521322BE0004409DF /* AppDelegate.swift */; };
		7D308FA821322BE0004409DF /* ViewController.swift in Sources */ = {isa = PBXBuildFile; fileRef = 7D308FA721322BE0004409DF /* ViewController.swift */; };
		7D308FAB21322BE0004409DF /* Main.storyboard in Resources */ = {isa = PBXBuildFile; fileRef = 7D308FA921322BE0004409DF /* Main.storyboard */; };
		7D308FAD21322BE0004409DF /* Assets.xcassets in Resources */ = {isa = PBXBuildFile; fileRef = 7D308FAC21322BE0004409DF /* Assets.xcassets */; };
		7D308FB021322BE0004409DF /* LaunchScreen.storyboard in Resources */ = {isa = PBXBuildFile; fileRef = 7D308FAE21322BE0004409DF /* LaunchScreen.storyboard */; };
		7D308FBB21322BE0004409DF /* NanLifeBoxTests.swift in Sources */ = {isa = PBXBuildFile; fileRef = 7D308FBA21322BE0004409DF /* NanLifeBoxTests.swift */; };
		7D308FC621322BE1004409DF /* NanLifeBoxUITests.swift in Sources */ = {isa = PBXBuildFile; fileRef = 7D308FC521322BE1004409DF /* NanLifeBoxUITests.swift */; };
/* End PBXBuildFile section */

/* Begin PBXContainerItemProxy section */
		7D308FB721322BE0004409DF /* PBXContainerItemProxy */ = {
			isa = PBXContainerItemProxy;
			containerPortal = 7D308F9A21322BE0004409DF /* Project object */;
			proxyType = 1;
			remoteGlobalIDString = 7D308FA121322BE0004409DF;
			remoteInfo = NanLifeBox;
		};
		7D308FC221322BE1004409DF /* PBXContainerItemProxy */ = {
			isa = PBXContainerItemProxy;
			containerPortal = 7D308F9A21322BE0004409DF /* Project object */;
			proxyType = 1;
			remoteGlobalIDString = 7D308FA121322BE0004409DF;
			remoteInfo = NanLifeBox;
		};
/* End PBXContainerItemProxy section */

/* Begin PBXFileReference section */
		7D308FA221322BE0004409DF /* NanLifeBox.app */ = {isa = PBXFileReference; explicitFileType = wrapper.application; includeInIndex = 0; path = NanLifeBox.app; sourceTree = BUILT_PRODUCTS_DIR; };
		7D308FA521322BE0004409DF /* AppDelegate.swift */ = {isa = PBXFileReference; lastKnownFileType = sourcecode.swift; path = AppDelegate.swift; sourceTree = "<group>"; };
		7D308FA721322BE0004409DF /* ViewController.swift */ = {isa = PBXFileReference; lastKnownFileType = sourcecode.swift; path = ViewController.swift; sourceTree = "<group>"; };
		7D308FAA21322BE0004409DF /* Base */ = {isa = PBXFileReference; lastKnownFileType = file.storyboard; name = Base; path = Base.lproj/Main.storyboard; sourceTree = "<group>"; };
		7D308FAC21322BE0004409DF /* Assets.xcassets */ = {isa = PBXFileReference; lastKnownFileType = folder.assetcatalog; path = Assets.xcassets; sourceTree = "<group>"; };
		7D308FAF21322BE0004409DF /* Base */ = {isa = PBXFileReference; lastKnownFileType = file.storyboard; name = Base; path = Base.lproj/LaunchScreen.storyboard; sourceTree = "<group>"; };
		7D308FB121322BE0004409DF /* Info.plist */ = {isa = PBXFileReference; lastKnownFileType = text.plist.xml; path = Info.plist; sourceTree = "<group>"; };
		7D308FB621322BE0004409DF /* NanLifeBoxTests.xctest */ = {isa = PBXFileReference; explicitFileType = wrapper.cfbundle; includeInIndex = 0; path = NanLifeBoxTests.xctest; sourceTree = BUILT_PRODUCTS_DIR; };
		7D308FBA21322BE0004409DF /* NanLifeBoxTests.swift */ = {isa = PBXFileReference; lastKnownFileType = sourcecode.swift; path = NanLifeBoxTests.swift; sourceTree = "<group>"; };
		7D308FBC21322BE0004409DF /* Info.plist */ = {isa = PBXFileReference; lastKnownFileType = text.plist.xml; path = Info.plist; sourceTree = "<group>"; };
		7D308FC121322BE1004409DF /* NanLifeBoxUITests.xctest */ = {isa = PBXFileReference; explicitFileType = wrapper.cfbundle; includeInIndex = 0; path = NanLifeBoxUITests.xctest; sourceTree = BUILT_PRODUCTS_DIR; };
		7D308FC521322BE1004409DF /* NanLifeBoxUITests.swift */ = {isa = PBXFileReference; lastKnownFileType = sourcecode.swift; path = NanLifeBoxUITests.swift; sourceTree = "<group>"; };
		7D308FC721322BE1004409DF /* Info.plist */ = {isa = PBXFileReference; lastKnownFileType = text.plist.xml; path = Info.plist; sourceTree = "<group>"; };
/* End PBXFileReference section */

/* Begin PBXFrameworksBuildPhase section */
		7D308F9F21322BE0004409DF /* Frameworks */ = {
			isa = PBXFrameworksBuildPhase;
			buildActionMask = 2147483647;
			files = (
			);
			runOnlyForDeploymentPostprocessing = 0;
		};
		7D308FB321322BE0004409DF /* Frameworks */ = {
			isa = PBXFrameworksBuildPhase;
			buildActionMask = 2147483647;
			files = (
			);
			runOnlyForDeploymentPostprocessing = 0;
		};
		7D308FBE21322BE0004409DF /* Frameworks */ = {
			isa = PBXFrameworksBuildPhase;
			buildActionMask = 2147483647;
			files = (
			);
			runOnlyForDeploymentPostprocessing = 0;
		};
/* End PBXFrameworksBuildPhase section */

/* Begin PBXGroup section */
		7D308F9921322BE0004409DF = {
			isa = PBXGroup;
			children = (
				7D308FA421322BE0004409DF /* NanLifeBox */,
				7D308FB921322BE0004409DF /* NanLifeBoxTests */,
				7D308FC421322BE1004409DF /* NanLifeBoxUITests */,
				7D308FA321322BE0004409DF /* Products */,
			);
			sourceTree = "<group>";
		};
		7D308FA321322BE0004409DF /* Products */ = {
			isa = PBXGroup;
			children = (
				7D308FA221322BE0004409DF /* NanLifeBox.app */,
				7D308FB621322BE0004409DF /* NanLifeBoxTests.xctest */,
				7D308FC121322BE1004409DF /* NanLifeBoxUITests.xctest */,
			);
			name = Products;
			sourceTree = "<group>";
		};
		7D308FA421322BE0004409DF /* NanLifeBox */ = {
			isa = PBXGroup;
			children = (
				7D308FA521322BE0004409DF /* AppDelegate.swift */,
				7D308FA721322BE0004409DF /* ViewController.swift */,
				7D308FA921322BE0004409DF /* Main.storyboard */,
				7D308FAC21322BE0004409DF /* Assets.xcassets */,
				7D308FAE21322BE0004409DF /* LaunchScreen.storyboard */,
				7D308FB121322BE0004409DF /* Info.plist */,
			);
			path = NanLifeBox;
			sourceTree = "<group>";
		};
		7D308FB921322BE0004409DF /* NanLifeBoxTests */ = {
			isa = PBXGroup;
			children = (
				7D308FBA21322BE0004409DF /* NanLifeBoxTests.swift */,
				7D308FBC21322BE0004409DF /* Info.plist */,
			);
			path = NanLifeBoxTests;
			sourceTree = "<group>";
		};
		7D308FC421322BE1004409DF /* NanLifeBoxUITests */ = {
			isa = PBXGroup;
			children = (
				7D308FC521322BE1004409DF /* NanLifeBoxUITests.swift */,
				7D308FC721322BE1004409DF /* Info.plist */,
			);
			path = NanLifeBoxUITests;
			sourceTree = "<group>";
		};
/* End PBXGroup section */

/* Begin PBXNativeTarget section */
		7D308FA121322BE0004409DF /* NanLifeBox */ = {
			isa = PBXNativeTarget;
			buildConfigurationList = 7D308FCA21322BE1004409DF /* Build configuration list for PBXNativeTarget "NanLifeBox" */;
			buildPhases = (
				7D308F9E21322BE0004409DF /* Sources */,
				7D308F9F21322BE0004409DF /* Frameworks */,
				7D308FA021322BE0004409DF /* Resources */,
			);
			buildRules = (
			);
			dependencies = (
			);
			name = NanLifeBox;
			productName = NanLifeBox;
			productReference = 7D308FA221322BE0004409DF /* NanLifeBox.app */;
			productType = "com.apple.product-type.application";
		};
		7D308FB521322BE0004409DF /* NanLifeBoxTests */ = {
			isa = PBXNativeTarget;
			buildConfigurationList = 7D308FCD21322BE1004409DF /* Build configuration list for PBXNativeTarget "NanLifeBoxTests" */;
			buildPhases = (
				7D308FB221322BE0004409DF /* Sources */,
				7D308FB321322BE0004409DF /* Frameworks */,
				7D308FB421322BE0004409DF /* Resources */,
			);
			buildRules = (
			);
			dependencies = (
				7D308FB821322BE0004409DF /* PBXTargetDependency */,
			);
			name = NanLifeBoxTests;
			productName = NanLifeBoxTests;
			productReference = 7D308FB621322BE0004409DF /* NanLifeBoxTests.xctest */;
			productType = "com.apple.product-type.bundle.unit-test";
		};
		7D308FC021322BE0004409DF /* NanLifeBoxUITests */ = {
			isa = PBXNativeTarget;
			buildConfigurationList = 7D308FD021322BE1004409DF /* Build configuration list for PBXNativeTarget "NanLifeBoxUITests" */;
			buildPhases = (
				7D308FBD21322BE0004409DF /* Sources */,
				7D308FBE21322BE0004409DF /* Frameworks */,
				7D308FBF21322BE0004409DF /* Resources */,
			);
			buildRules = (
			);
			dependencies = (
				7D308FC321322BE1004409DF /* PBXTargetDependency */,
			);
			name = NanLifeBoxUITests;
			productName = NanLifeBoxUITests;
			productReference = 7D308FC121322BE1004409DF /* NanLifeBoxUITests.xctest */;
			productType = "com.apple.product-type.bundle.ui-testing";
		};
/* End PBXNativeTarget section */

/* Begin PBXProject section */
		7D308F9A21322BE0004409DF /* Project object */ = {
			isa = PBXProject;
			attributes = {
				LastSwiftUpdateCheck = 0940;
				LastUpgradeCheck = 0940;
				ORGANIZATIONNAME = Sniper;
				TargetAttributes = {
					7D308FA121322BE0004409DF = {
						CreatedOnToolsVersion = 9.4.1;
					};
					7D308FB521322BE0004409DF = {
						CreatedOnToolsVersion = 9.4.1;
						TestTargetID = 7D308FA121322BE0004409DF;
					};
					7D308FC021322BE0004409DF = {
						CreatedOnToolsVersion = 9.4.1;
						TestTargetID = 7D308FA121322BE0004409DF;
					};
				};
			};
			buildConfigurationList = 7D308F9D21322BE0004409DF /* Build configuration list for PBXProject "NanLifeBox" */;
			compatibilityVersion = "Xcode 9.3";
			developmentRegion = en;
			hasScannedForEncodings = 0;
			knownRegions = (
				en,
				Base,
			);
			mainGroup = 7D308F9921322BE0004409DF;
			productRefGroup = 7D308FA321322BE0004409DF /* Products */;
			projectDirPath = "";
			projectRoot = "";
			targets = (
				7D308FA121322BE0004409DF /* NanLifeBox */,
				7D308FB521322BE0004409DF /* NanLifeBoxTests */,
				7D308FC021322BE0004409DF /* NanLifeBoxUITests */,
			);
		};
/* End PBXProject section */

/* Begin PBXResourcesBuildPhase section */
		7D308FA021322BE0004409DF /* Resources */ = {
			isa = PBXResourcesBuildPhase;
			buildActionMask = 2147483647;
			files = (
				7D308FB021322BE0004409DF /* LaunchScreen.storyboard in Resources */,
				7D308FAD21322BE0004409DF /* Assets.xcassets in Resources */,
				7D308FAB21322BE0004409DF /* Main.storyboard in Resources */,
			);
			runOnlyForDeploymentPostprocessing = 0;
		};
		7D308FB421322BE0004409DF /* Resources */ = {
			isa = PBXResourcesBuildPhase;
			buildActionMask = 2147483647;
			files = (
			);
			runOnlyForDeploymentPostprocessing = 0;
		};
		7D308FBF21322BE0004409DF /* Resources */ = {
			isa = PBXResourcesBuildPhase;
			buildActionMask = 2147483647;
			files = (
			);
			runOnlyForDeploymentPostprocessing = 0;
		};
/* End PBXResourcesBuildPhase section */

/* Begin PBXSourcesBuildPhase section */
		7D308F9E21322BE0004409DF /* Sources */ = {
			isa = PBXSourcesBuildPhase;
			buildActionMask = 2147483647;
			files = (
				7D308FA821322BE0004409DF /* ViewController.swift in Sources */,
				7D308FA621322BE0004409DF /* AppDelegate.swift in Sources */,
			);
			runOnlyForDeploymentPostprocessing = 0;
		};
		7D308FB221322BE0004409DF /* Sources */ = {
			isa = PBXSourcesBuildPhase;
			buildActionMask = 2147483647;
			files = (
				7D308FBB21322BE0004409DF /* NanLifeBoxTests.swift in Sources */,
			);
			runOnlyForDeploymentPostprocessing = 0;
		};
		7D308FBD21322BE0004409DF /* Sources */ = {
			isa = PBXSourcesBuildPhase;
			buildActionMask = 2147483647;
			files = (
				7D308FC621322BE1004409DF /* NanLifeBoxUITests.swift in Sources */,
			);
			runOnlyForDeploymentPostprocessing = 0;
		};
/* End PBXSourcesBuildPhase section */

/* Begin PBXTargetDependency section */
		7D308FB821322BE0004409DF /* PBXTargetDependency */ = {
			isa = PBXTargetDependency;
			target = 7D308FA121322BE0004409DF /* NanLifeBox */;
			targetProxy = 7D308FB721322BE0004409DF /* PBXContainerItemProxy */;
		};
		7D308FC321322BE1004409DF /* PBXTargetDependency */ = {
			isa = PBXTargetDependency;
			target = 7D308FA121322BE0004409DF /* NanLifeBox */;
			targetProxy = 7D308FC221322BE1004409DF /* PBXContainerItemProxy */;
		};
/* End PBXTargetDependency section */

/* Begin PBXVariantGroup section */
		7D308FA921322BE0004409DF /* Main.storyboard */ = {
			isa = PBXVariantGroup;
			children = (
				7D308FAA21322BE0004409DF /* Base */,
			);
			name = Main.storyboard;
			sourceTree = "<group>";
		};
		7D308FAE21322BE0004409DF /* LaunchScreen.storyboard */ = {
			isa = PBXVariantGroup;
			children = (
				7D308FAF21322BE0004409DF /* Base */,
			);
			name = LaunchScreen.storyboard;
			sourceTree = "<group>";
		};
/* End PBXVariantGroup section */

/* Begin XCBuildConfiguration section */
		7D308FC821322BE1004409DF /* Debug */ = {
			isa = XCBuildConfiguration;
			buildSettings = {
				ALWAYS_SEARCH_USER_PATHS = NO;
				CLANG_ANALYZER_NONNULL = YES;
				CLANG_ANALYZER_NUMBER_OBJECT_CONVERSION = YES_AGGRESSIVE;
				CLANG_CXX_LANGUAGE_STANDARD = "gnu++14";
				CLANG_CXX_LIBRARY = "libc++";
				CLANG_ENABLE_MODULES = YES;
				CLANG_ENABLE_OBJC_ARC = YES;
				CLANG_ENABLE_OBJC_WEAK = YES;
				CLANG_WARN_BLOCK_CAPTURE_AUTORELEASING = YES;
				CLANG_WARN_BOOL_CONVERSION = YES;
				CLANG_WARN_COMMA = YES;
				CLANG_WARN_CONSTANT_CONVERSION = YES;
				CLANG_WARN_DEPRECATED_OBJC_IMPLEMENTATIONS = YES;
				CLANG_WARN_DIRECT_OBJC_ISA_USAGE = YES_ERROR;
				CLANG_WARN_DOCUMENTATION_COMMENTS = YES;
				CLANG_WARN_EMPTY_BODY = YES;
				CLANG_WARN_ENUM_CONVERSION = YES;
				CLANG_WARN_INFINITE_RECURSION = YES;
				CLANG_WARN_INT_CONVERSION = YES;
				CLANG_WARN_NON_LITERAL_NULL_CONVERSION = YES;
				CLANG_WARN_OBJC_IMPLICIT_RETAIN_SELF = YES;
				CLANG_WARN_OBJC_LITERAL_CONVERSION = YES;
				CLANG_WARN_OBJC_ROOT_CLASS = YES_ERROR;
				CLANG_WARN_RANGE_LOOP_ANALYSIS = YES;
				CLANG_WARN_STRICT_PROTOTYPES = YES;
				CLANG_WARN_SUSPICIOUS_MOVE = YES;
				CLANG_WARN_UNGUARDED_AVAILABILITY = YES_AGGRESSIVE;
				CLANG_WARN_UNREACHABLE_CODE = YES;
				CLANG_WARN__DUPLICATE_METHOD_MATCH = YES;
				CODE_SIGN_IDENTITY = "iPhone Developer";
				COPY_PHASE_STRIP = NO;
				DEBUG_INFORMATION_FORMAT = dwarf;
				ENABLE_STRICT_OBJC_MSGSEND = YES;
				ENABLE_TESTABILITY = YES;
				GCC_C_LANGUAGE_STANDARD = gnu11;
				GCC_DYNAMIC_NO_PIC = NO;
				GCC_NO_COMMON_BLOCKS = YES;
				GCC_OPTIMIZATION_LEVEL = 0;
				GCC_PREPROCESSOR_DEFINITIONS = (
					"DEBUG=1",
					"$(inherited)",
				);
				GCC_WARN_64_TO_32_BIT_CONVERSION = YES;
				GCC_WARN_ABOUT_RETURN_TYPE = YES_ERROR;
				GCC_WARN_UNDECLARED_SELECTOR = YES;
				GCC_WARN_UNINITIALIZED_AUTOS = YES_AGGRESSIVE;
				GCC_WARN_UNUSED_FUNCTION = YES;
				GCC_WARN_UNUSED_VARIABLE = YES;
				IPHONEOS_DEPLOYMENT_TARGET = 11.4;
				MTL_ENABLE_DEBUG_INFO = YES;
				ONLY_ACTIVE_ARCH = YES;
				SDKROOT = iphoneos;
				SWIFT_ACTIVE_COMPILATION_CONDITIONS = DEBUG;
				SWIFT_OPTIMIZATION_LEVEL = "-Onone";
			};
			name = Debug;
		};
		7D308FC921322BE1004409DF /* Release */ = {
			isa = XCBuildConfiguration;
			buildSettings = {
				ALWAYS_SEARCH_USER_PATHS = NO;
				CLANG_ANALYZER_NONNULL = YES;
				CLANG_ANALYZER_NUMBER_OBJECT_CONVERSION = YES_AGGRESSIVE;
				CLANG_CXX_LANGUAGE_STANDARD = "gnu++14";
				CLANG_CXX_LIBRARY = "libc++";
				CLANG_ENABLE_MODULES = YES;
				CLANG_ENABLE_OBJC_ARC = YES;
				CLANG_ENABLE_OBJC_WEAK = YES;
				CLANG_WARN_BLOCK_CAPTURE_AUTORELEASING = YES;
				CLANG_WARN_BOOL_CONVERSION = YES;
				CLANG_WARN_COMMA = YES;
				CLANG_WARN_CONSTANT_CONVERSION = YES;
				CLANG_WARN_DEPRECATED_OBJC_IMPLEMENTATIONS = YES;
				CLANG_WARN_DIRECT_OBJC_ISA_USAGE = YES_ERROR;
				CLANG_WARN_DOCUMENTATION_COMMENTS = YES;
				CLANG_WARN_EMPTY_BODY = YES;
				CLANG_WARN_ENUM_CONVERSION = YES;
				CLANG_WARN_INFINITE_RECURSION = YES;
				CLANG_WARN_INT_CONVERSION = YES;
				CLANG_WARN_NON_LITERAL_NULL_CONVERSION = YES;
				CLANG_WARN_OBJC_IMPLICIT_RETAIN_SELF = YES;
				CLANG_WARN_OBJC_LITERAL_CONVERSION = YES;
				CLANG_WARN_OBJC_ROOT_CLASS = YES_ERROR;
				CLANG_WARN_RANGE_LOOP_ANALYSIS = YES;
				CLANG_WARN_STRICT_PROTOTYPES = YES;
				CLANG_WARN_SUSPICIOUS_MOVE = YES;
				CLANG_WARN_UNGUARDED_AVAILABILITY = YES_AGGRESSIVE;
				CLANG_WARN_UNREACHABLE_CODE = YES;
				CLANG_WARN__DUPLICATE_METHOD_MATCH = YES;
				CODE_SIGN_IDENTITY = "iPhone Developer";
				COPY_PHASE_STRIP = NO;
				DEBUG_INFORMATION_FORMAT = "dwarf-with-dsym";
				ENABLE_NS_ASSERTIONS = NO;
				ENABLE_STRICT_OBJC_MSGSEND = YES;
				GCC_C_LANGUAGE_STANDARD = gnu11;
				GCC_NO_COMMON_BLOCKS = YES;
				GCC_WARN_64_TO_32_BIT_CONVERSION = YES;
				GCC_WARN_ABOUT_RETURN_TYPE = YES_ERROR;
				GCC_WARN_UNDECLARED_SELECTOR = YES;
				GCC_WARN_UNINITIALIZED_AUTOS = YES_AGGRESSIVE;
				GCC_WARN_UNUSED_FUNCTION = YES;
				GCC_WARN_UNUSED_VARIABLE = YES;
				IPHONEOS_DEPLOYMENT_TARGET = 11.4;
				MTL_ENABLE_DEBUG_INFO = NO;
				SDKROOT = iphoneos;
				SWIFT_COMPILATION_MODE = wholemodule;
				SWIFT_OPTIMIZATION_LEVEL = "-O";
				VALIDATE_PRODUCT = YES;
			};
			name = Release;
		};
		7D308FCB21322BE1004409DF /* Debug */ = {
			isa = XCBuildConfiguration;
			buildSettings = {
				ASSETCATALOG_COMPILER_APPICON_NAME = AppIcon;
				CODE_SIGN_STYLE = Automatic;
				INFOPLIST_FILE = NanLifeBox/Info.plist;
				LD_RUNPATH_SEARCH_PATHS = (
					"$(inherited)",
					"@executable_path/Frameworks",
				);
				PRODUCT_BUNDLE_IDENTIFIER = com.enjoy.NanLifeBox;
				PRODUCT_NAME = "$(TARGET_NAME)";
				SWIFT_VERSION = 4.0;
				TARGETED_DEVICE_FAMILY = "1,2";
			};
			name = Debug;
		};
		7D308FCC21322BE1004409DF /* Release */ = {
			isa = XCBuildConfiguration;
			buildSettings = {
				ASSETCATALOG_COMPILER_APPICON_NAME = AppIcon;
				CODE_SIGN_STYLE = Automatic;
				INFOPLIST_FILE = NanLifeBox/Info.plist;
				LD_RUNPATH_SEARCH_PATHS = (
					"$(inherited)",
					"@executable_path/Frameworks",
				);
				PRODUCT_BUNDLE_IDENTIFIER = com.enjoy.NanLifeBox;
				PRODUCT_NAME = "$(TARGET_NAME)";
				SWIFT_VERSION = 4.0;
				TARGETED_DEVICE_FAMILY = "1,2";
			};
			name = Release;
		};
		7D308FCE21322BE1004409DF /* Debug */ = {
			isa = XCBuildConfiguration;
			buildSettings = {
				ALWAYS_EMBED_SWIFT_STANDARD_LIBRARIES = YES;
				BUNDLE_LOADER = "$(TEST_HOST)";
				CODE_SIGN_STYLE = Automatic;
				INFOPLIST_FILE = NanLifeBoxTests/Info.plist;
				LD_RUNPATH_SEARCH_PATHS = (
					"$(inherited)",
					"@executable_path/Frameworks",
					"@loader_path/Frameworks",
				);
				PRODUCT_BUNDLE_IDENTIFIER = com.enjoy.NanLifeBoxTests;
				PRODUCT_NAME = "$(TARGET_NAME)";
				SWIFT_VERSION = 4.0;
				TARGETED_DEVICE_FAMILY = "1,2";
				TEST_HOST = "$(BUILT_PRODUCTS_DIR)/NanLifeBox.app/NanLifeBox";
			};
			name = Debug;
		};
		7D308FCF21322BE1004409DF /* Release */ = {
			isa = XCBuildConfiguration;
			buildSettings = {
				ALWAYS_EMBED_SWIFT_STANDARD_LIBRARIES = YES;
				BUNDLE_LOADER = "$(TEST_HOST)";
				CODE_SIGN_STYLE = Automatic;
				INFOPLIST_FILE = NanLifeBoxTests/Info.plist;
				LD_RUNPATH_SEARCH_PATHS = (
					"$(inherited)",
					"@executable_path/Frameworks",
					"@loader_path/Frameworks",
				);
				PRODUCT_BUNDLE_IDENTIFIER = com.enjoy.NanLifeBoxTests;
				PRODUCT_NAME = "$(TARGET_NAME)";
				SWIFT_VERSION = 4.0;
				TARGETED_DEVICE_FAMILY = "1,2";
				TEST_HOST = "$(BUILT_PRODUCTS_DIR)/NanLifeBox.app/NanLifeBox";
			};
			name = Release;
		};
		7D308FD121322BE1004409DF /* Debug */ = {
			isa = XCBuildConfiguration;
			buildSettings = {
				ALWAYS_EMBED_SWIFT_STANDARD_LIBRARIES = YES;
				CODE_SIGN_STYLE = Automatic;
				INFOPLIST_FILE = NanLifeBoxUITests/Info.plist;
				LD_RUNPATH_SEARCH_PATHS = (
					"$(inherited)",
					"@executable_path/Frameworks",
					"@loader_path/Frameworks",
				);
				PRODUCT_BUNDLE_IDENTIFIER = com.enjoy.NanLifeBoxUITests;
				PRODUCT_NAME = "$(TARGET_NAME)";
				SWIFT_VERSION = 4.0;
				TARGETED_DEVICE_FAMILY = "1,2";
				TEST_TARGET_NAME = NanLifeBox;
			};
			name = Debug;
		};
		7D308FD221322BE1004409DF /* Release */ = {
			isa = XCBuildConfiguration;
			buildSettings = {
				ALWAYS_EMBED_SWIFT_STANDARD_LIBRARIES = YES;
				CODE_SIGN_STYLE = Automatic;
				INFOPLIST_FILE = NanLifeBoxUITests/Info.plist;
				LD_RUNPATH_SEARCH_PATHS = (
					"$(inherited)",
					"@executable_path/Frameworks",
					"@loader_path/Frameworks",
				);
				PRODUCT_BUNDLE_IDENTIFIER = com.enjoy.NanLifeBoxUITests;
				PRODUCT_NAME = "$(TARGET_NAME)";
				SWIFT_VERSION = 4.0;
				TARGETED_DEVICE_FAMILY = "1,2";
				TEST_TARGET_NAME = NanLifeBox;
			};
			name = Release;
		};
/* End XCBuildConfiguration section */

/* Begin XCConfigurationList section */
		7D308F9D21322BE0004409DF /* Build configuration list for PBXProject "NanLifeBox" */ = {
			isa = XCConfigurationList;
			buildConfigurations = (
				7D308FC821322BE1004409DF /* Debug */,
				7D308FC921322BE1004409DF /* Release */,
			);
			defaultConfigurationIsVisible = 0;
			defaultConfigurationName = Release;
		};
		7D308FCA21322BE1004409DF /* Build configuration list for PBXNativeTarget "NanLifeBox" */ = {
			isa = XCConfigurationList;
			buildConfigurations = (
				7D308FCB21322BE1004409DF /* Debug */,
				7D308FCC21322BE1004409DF /* Release */,
			);
			defaultConfigurationIsVisible = 0;
			defaultConfigurationName = Release;
		};
		7D308FCD21322BE1004409DF /* Build configuration list for PBXNativeTarget "NanLifeBoxTests" */ = {
			isa = XCConfigurationList;
			buildConfigurations = (
				7D308FCE21322BE1004409DF /* Debug */,
				7D308FCF21322BE1004409DF /* Release */,
			);
			defaultConfigurationIsVisible = 0;
			defaultConfigurationName = Release;
		};
		7D308FD021322BE1004409DF /* Build configuration list for PBXNativeTarget "NanLifeBoxUITests" */ = {
			isa = XCConfigurationList;
			buildConfigurations = (
				7D308FD121322BE1004409DF /* Debug */,
				7D308FD221322BE1004409DF /* Release */,
			);
			defaultConfigurationIsVisible = 0;
			defaultConfigurationName = Release;
		};
/* End XCConfigurationList section */
	};
	rootObject = 7D308F9A21322BE0004409DF /* Project object */;
}
